// !$*UTF8*$!
{
	archiveVersion = 1;
	classes = {
	};
	objectVersion = 50;
	objects = {

/* Begin PBXBuildFile section */
		753E7387256FBA1F001A14F4 /* AppDelegate.swift in Sources */ = {isa = PBXBuildFile; fileRef = 753E7386256FBA1F001A14F4 /* AppDelegate.swift */; };
		753E7389256FBA1F001A14F4 /* SceneDelegate.swift in Sources */ = {isa = PBXBuildFile; fileRef = 753E7388256FBA1F001A14F4 /* SceneDelegate.swift */; };
		753E738E256FBA1F001A14F4 /* Main.storyboard in Resources */ = {isa = PBXBuildFile; fileRef = 753E738C256FBA1F001A14F4 /* Main.storyboard */; };
		753E7391256FBA1F001A14F4 /* MyPlaces.xcdatamodeld in Sources */ = {isa = PBXBuildFile; fileRef = 753E738F256FBA1F001A14F4 /* MyPlaces.xcdatamodeld */; };
		753E7393256FBA23001A14F4 /* Assets.xcassets in Resources */ = {isa = PBXBuildFile; fileRef = 753E7392256FBA23001A14F4 /* Assets.xcassets */; };
		753E7396256FBA23001A14F4 /* LaunchScreen.storyboard in Resources */ = {isa = PBXBuildFile; fileRef = 753E7394256FBA23001A14F4 /* LaunchScreen.storyboard */; };
		753E73A1256FBA23001A14F4 /* MyPlacesTests.swift in Sources */ = {isa = PBXBuildFile; fileRef = 753E73A0256FBA23001A14F4 /* MyPlacesTests.swift */; };
		753E73AC256FBA23001A14F4 /* MyPlacesUITests.swift in Sources */ = {isa = PBXBuildFile; fileRef = 753E73AB256FBA23001A14F4 /* MyPlacesUITests.swift */; };
		753E73C0256FBD56001A14F4 /* MainViewController.swift in Sources */ = {isa = PBXBuildFile; fileRef = 753E73BF256FBD56001A14F4 /* MainViewController.swift */; };
		753E73CB256FD6CD001A14F4 /* TableViewCell.swift in Sources */ = {isa = PBXBuildFile; fileRef = 753E73CA256FD6CD001A14F4 /* TableViewCell.swift */; };
/* End PBXBuildFile section */

/* Begin PBXContainerItemProxy section */
		753E739D256FBA23001A14F4 /* PBXContainerItemProxy */ = {
			isa = PBXContainerItemProxy;
			containerPortal = 753E737B256FBA1F001A14F4 /* Project object */;
			proxyType = 1;
			remoteGlobalIDString = 753E7382256FBA1F001A14F4;
			remoteInfo = MyPlaces;
		};
		753E73A8256FBA23001A14F4 /* PBXContainerItemProxy */ = {
			isa = PBXContainerItemProxy;
			containerPortal = 753E737B256FBA1F001A14F4 /* Project object */;
			proxyType = 1;
			remoteGlobalIDString = 753E7382256FBA1F001A14F4;
			remoteInfo = MyPlaces;
		};
/* End PBXContainerItemProxy section */

/* Begin PBXFileReference section */
		753E7383256FBA1F001A14F4 /* MyPlaces.app */ = {isa = PBXFileReference; explicitFileType = wrapper.application; includeInIndex = 0; path = MyPlaces.app; sourceTree = BUILT_PRODUCTS_DIR; };
		753E7386256FBA1F001A14F4 /* AppDelegate.swift */ = {isa = PBXFileReference; lastKnownFileType = sourcecode.swift; path = AppDelegate.swift; sourceTree = "<group>"; };
		753E7388256FBA1F001A14F4 /* SceneDelegate.swift */ = {isa = PBXFileReference; lastKnownFileType = sourcecode.swift; path = SceneDelegate.swift; sourceTree = "<group>"; };
		753E738D256FBA1F001A14F4 /* Base */ = {isa = PBXFileReference; lastKnownFileType = file.storyboard; name = Base; path = Base.lproj/Main.storyboard; sourceTree = "<group>"; };
		753E7390256FBA1F001A14F4 /* MyPlaces.xcdatamodel */ = {isa = PBXFileReference; lastKnownFileType = wrapper.xcdatamodel; path = MyPlaces.xcdatamodel; sourceTree = "<group>"; };
		753E7392256FBA23001A14F4 /* Assets.xcassets */ = {isa = PBXFileReference; lastKnownFileType = folder.assetcatalog; path = Assets.xcassets; sourceTree = "<group>"; };
		753E7395256FBA23001A14F4 /* Base */ = {isa = PBXFileReference; lastKnownFileType = file.storyboard; name = Base; path = Base.lproj/LaunchScreen.storyboard; sourceTree = "<group>"; };
		753E7397256FBA23001A14F4 /* Info.plist */ = {isa = PBXFileReference; lastKnownFileType = text.plist.xml; path = Info.plist; sourceTree = "<group>"; };
		753E739C256FBA23001A14F4 /* MyPlacesTests.xctest */ = {isa = PBXFileReference; explicitFileType = wrapper.cfbundle; includeInIndex = 0; path = MyPlacesTests.xctest; sourceTree = BUILT_PRODUCTS_DIR; };
		753E73A0256FBA23001A14F4 /* MyPlacesTests.swift */ = {isa = PBXFileReference; lastKnownFileType = sourcecode.swift; path = MyPlacesTests.swift; sourceTree = "<group>"; };
		753E73A2256FBA23001A14F4 /* Info.plist */ = {isa = PBXFileReference; lastKnownFileType = text.plist.xml; path = Info.plist; sourceTree = "<group>"; };
		753E73A7256FBA23001A14F4 /* MyPlacesUITests.xctest */ = {isa = PBXFileReference; explicitFileType = wrapper.cfbundle; includeInIndex = 0; path = MyPlacesUITests.xctest; sourceTree = BUILT_PRODUCTS_DIR; };
		753E73AB256FBA23001A14F4 /* MyPlacesUITests.swift */ = {isa = PBXFileReference; lastKnownFileType = sourcecode.swift; path = MyPlacesUITests.swift; sourceTree = "<group>"; };
		753E73AD256FBA23001A14F4 /* Info.plist */ = {isa = PBXFileReference; lastKnownFileType = text.plist.xml; path = Info.plist; sourceTree = "<group>"; };
		753E73BF256FBD56001A14F4 /* MainViewController.swift */ = {isa = PBXFileReference; lastKnownFileType = sourcecode.swift; path = MainViewController.swift; sourceTree = "<group>"; };
		753E73CA256FD6CD001A14F4 /* TableViewCell.swift */ = {isa = PBXFileReference; lastKnownFileType = sourcecode.swift; path = TableViewCell.swift; sourceTree = "<group>"; };
/* End PBXFileReference section */

/* Begin PBXFrameworksBuildPhase section */
		753E7380256FBA1F001A14F4 /* Frameworks */ = {
			isa = PBXFrameworksBuildPhase;
			buildActionMask = 2147483647;
			files = (
			);
			runOnlyForDeploymentPostprocessing = 0;
		};
		753E7399256FBA23001A14F4 /* Frameworks */ = {
			isa = PBXFrameworksBuildPhase;
			buildActionMask = 2147483647;
			files = (
			);
			runOnlyForDeploymentPostprocessing = 0;
		};
		753E73A4256FBA23001A14F4 /* Frameworks */ = {
			isa = PBXFrameworksBuildPhase;
			buildActionMask = 2147483647;
			files = (
			);
			runOnlyForDeploymentPostprocessing = 0;
		};
/* End PBXFrameworksBuildPhase section */

/* Begin PBXGroup section */
		753E737A256FBA1F001A14F4 = {
			isa = PBXGroup;
			children = (
				753E7385256FBA1F001A14F4 /* MyPlaces */,
				753E739F256FBA23001A14F4 /* MyPlacesTests */,
				753E73AA256FBA23001A14F4 /* MyPlacesUITests */,
				753E7384256FBA1F001A14F4 /* Products */,
			);
			sourceTree = "<group>";
		};
		753E7384256FBA1F001A14F4 /* Products */ = {
			isa = PBXGroup;
			children = (
				753E7383256FBA1F001A14F4 /* MyPlaces.app */,
				753E739C256FBA23001A14F4 /* MyPlacesTests.xctest */,
				753E73A7256FBA23001A14F4 /* MyPlacesUITests.xctest */,
			);
			name = Products;
			sourceTree = "<group>";
		};
		753E7385256FBA1F001A14F4 /* MyPlaces */ = {
			isa = PBXGroup;
			children = (
				753E73D3256FD6F3001A14F4 /* SupportingFiles */,
				753E73CF256FD6DD001A14F4 /* Controllers */,
				753E738C256FBA1F001A14F4 /* Main.storyboard */,
				753E7394256FBA23001A14F4 /* LaunchScreen.storyboard */,
				753E7392256FBA23001A14F4 /* Assets.xcassets */,
				753E7397256FBA23001A14F4 /* Info.plist */,
				753E738F256FBA1F001A14F4 /* MyPlaces.xcdatamodeld */,
			);
			path = MyPlaces;
			sourceTree = "<group>";
		};
		753E739F256FBA23001A14F4 /* MyPlacesTests */ = {
			isa = PBXGroup;
			children = (
				753E73A0256FBA23001A14F4 /* MyPlacesTests.swift */,
				753E73A2256FBA23001A14F4 /* Info.plist */,
			);
			path = MyPlacesTests;
			sourceTree = "<group>";
		};
		753E73AA256FBA23001A14F4 /* MyPlacesUITests */ = {
			isa = PBXGroup;
			children = (
				753E73AB256FBA23001A14F4 /* MyPlacesUITests.swift */,
				753E73AD256FBA23001A14F4 /* Info.plist */,
			);
			path = MyPlacesUITests;
			sourceTree = "<group>";
		};
		753E73CF256FD6DD001A14F4 /* Controllers */ = {
			isa = PBXGroup;
			children = (
				753E73BF256FBD56001A14F4 /* MainViewController.swift */,
				753E73CA256FD6CD001A14F4 /* TableViewCell.swift */,
			);
			path = Controllers;
			sourceTree = "<group>";
		};
		753E73D3256FD6F3001A14F4 /* SupportingFiles */ = {
			isa = PBXGroup;
			children = (
				753E7386256FBA1F001A14F4 /* AppDelegate.swift */,
				753E7388256FBA1F001A14F4 /* SceneDelegate.swift */,
			);
			path = SupportingFiles;
			sourceTree = "<group>";
		};
/* End PBXGroup section */

/* Begin PBXNativeTarget section */
		753E7382256FBA1F001A14F4 /* MyPlaces */ = {
			isa = PBXNativeTarget;
			buildConfigurationList = 753E73B0256FBA23001A14F4 /* Build configuration list for PBXNativeTarget "MyPlaces" */;
			buildPhases = (
				753E737F256FBA1F001A14F4 /* Sources */,
				753E7380256FBA1F001A14F4 /* Frameworks */,
				753E7381256FBA1F001A14F4 /* Resources */,
			);
			buildRules = (
			);
			dependencies = (
			);
			name = MyPlaces;
			productName = MyPlaces;
			productReference = 753E7383256FBA1F001A14F4 /* MyPlaces.app */;
			productType = "com.apple.product-type.application";
		};
		753E739B256FBA23001A14F4 /* MyPlacesTests */ = {
			isa = PBXNativeTarget;
			buildConfigurationList = 753E73B3256FBA23001A14F4 /* Build configuration list for PBXNativeTarget "MyPlacesTests" */;
			buildPhases = (
				753E7398256FBA23001A14F4 /* Sources */,
				753E7399256FBA23001A14F4 /* Frameworks */,
				753E739A256FBA23001A14F4 /* Resources */,
			);
			buildRules = (
			);
			dependencies = (
				753E739E256FBA23001A14F4 /* PBXTargetDependency */,
			);
			name = MyPlacesTests;
			productName = MyPlacesTests;
			productReference = 753E739C256FBA23001A14F4 /* MyPlacesTests.xctest */;
			productType = "com.apple.product-type.bundle.unit-test";
		};
		753E73A6256FBA23001A14F4 /* MyPlacesUITests */ = {
			isa = PBXNativeTarget;
			buildConfigurationList = 753E73B6256FBA23001A14F4 /* Build configuration list for PBXNativeTarget "MyPlacesUITests" */;
			buildPhases = (
				753E73A3256FBA23001A14F4 /* Sources */,
				753E73A4256FBA23001A14F4 /* Frameworks */,
				753E73A5256FBA23001A14F4 /* Resources */,
			);
			buildRules = (
			);
			dependencies = (
				753E73A9256FBA23001A14F4 /* PBXTargetDependency */,
			);
			name = MyPlacesUITests;
			productName = MyPlacesUITests;
			productReference = 753E73A7256FBA23001A14F4 /* MyPlacesUITests.xctest */;
			productType = "com.apple.product-type.bundle.ui-testing";
		};
/* End PBXNativeTarget section */

/* Begin PBXProject section */
		753E737B256FBA1F001A14F4 /* Project object */ = {
			isa = PBXProject;
			attributes = {
				LastSwiftUpdateCheck = 1220;
				LastUpgradeCheck = 1220;
				TargetAttributes = {
					753E7382256FBA1F001A14F4 = {
						CreatedOnToolsVersion = 12.2;
					};
					753E739B256FBA23001A14F4 = {
						CreatedOnToolsVersion = 12.2;
						TestTargetID = 753E7382256FBA1F001A14F4;
					};
					753E73A6256FBA23001A14F4 = {
						CreatedOnToolsVersion = 12.2;
						TestTargetID = 753E7382256FBA1F001A14F4;
					};
				};
			};
			buildConfigurationList = 753E737E256FBA1F001A14F4 /* Build configuration list for PBXProject "MyPlaces" */;
			compatibilityVersion = "Xcode 9.3";
			developmentRegion = en;
			hasScannedForEncodings = 0;
			knownRegions = (
				en,
				Base,
			);
			mainGroup = 753E737A256FBA1F001A14F4;
			productRefGroup = 753E7384256FBA1F001A14F4 /* Products */;
			projectDirPath = "";
			projectRoot = "";
			targets = (
				753E7382256FBA1F001A14F4 /* MyPlaces */,
				753E739B256FBA23001A14F4 /* MyPlacesTests */,
				753E73A6256FBA23001A14F4 /* MyPlacesUITests */,
			);
		};
/* End PBXProject section */

/* Begin PBXResourcesBuildPhase section */
		753E7381256FBA1F001A14F4 /* Resources */ = {
			isa = PBXResourcesBuildPhase;
			buildActionMask = 2147483647;
			files = (
				753E7396256FBA23001A14F4 /* LaunchScreen.storyboard in Resources */,
				753E7393256FBA23001A14F4 /* Assets.xcassets in Resources */,
				753E738E256FBA1F001A14F4 /* Main.storyboard in Resources */,
			);
			runOnlyForDeploymentPostprocessing = 0;
		};
		753E739A256FBA23001A14F4 /* Resources */ = {
			isa = PBXResourcesBuildPhase;
			buildActionMask = 2147483647;
			files = (
			);
			runOnlyForDeploymentPostprocessing = 0;
		};
		753E73A5256FBA23001A14F4 /* Resources */ = {
			isa = PBXResourcesBuildPhase;
			buildActionMask = 2147483647;
			files = (
			);
			runOnlyForDeploymentPostprocessing = 0;
		};
/* End PBXResourcesBuildPhase section */

/* Begin PBXSourcesBuildPhase section */
		753E737F256FBA1F001A14F4 /* Sources */ = {
			isa = PBXSourcesBuildPhase;
			buildActionMask = 2147483647;
			files = (
				753E73CB256FD6CD001A14F4 /* TableViewCell.swift in Sources */,
				753E7387256FBA1F001A14F4 /* AppDelegate.swift in Sources */,
				753E7389256FBA1F001A14F4 /* SceneDelegate.swift in Sources */,
				753E7391256FBA1F001A14F4 /* MyPlaces.xcdatamodeld in Sources */,
				753E73C0256FBD56001A14F4 /* MainViewController.swift in Sources */,
			);
			runOnlyForDeploymentPostprocessing = 0;
		};
		753E7398256FBA23001A14F4 /* Sources */ = {
			isa = PBXSourcesBuildPhase;
			buildActionMask = 2147483647;
			files = (
				753E73A1256FBA23001A14F4 /* MyPlacesTests.swift in Sources */,
			);
			runOnlyForDeploymentPostprocessing = 0;
		};
		753E73A3256FBA23001A14F4 /* Sources */ = {
			isa = PBXSourcesBuildPhase;
			buildActionMask = 2147483647;
			files = (
				753E73AC256FBA23001A14F4 /* MyPlacesUITests.swift in Sources */,
			);
			runOnlyForDeploymentPostprocessing = 0;
		};
/* End PBXSourcesBuildPhase section */

/* Begin PBXTargetDependency section */
		753E739E256FBA23001A14F4 /* PBXTargetDependency */ = {
			isa = PBXTargetDependency;
			target = 753E7382256FBA1F001A14F4 /* MyPlaces */;
			targetProxy = 753E739D256FBA23001A14F4 /* PBXContainerItemProxy */;
		};
		753E73A9256FBA23001A14F4 /* PBXTargetDependency */ = {
			isa = PBXTargetDependency;
			target = 753E7382256FBA1F001A14F4 /* MyPlaces */;
			targetProxy = 753E73A8256FBA23001A14F4 /* PBXContainerItemProxy */;
		};
/* End PBXTargetDependency section */

/* Begin PBXVariantGroup section */
		753E738C256FBA1F001A14F4 /* Main.storyboard */ = {
			isa = PBXVariantGroup;
			children = (
				753E738D256FBA1F001A14F4 /* Base */,
			);
			name = Main.storyboard;
			sourceTree = "<group>";
		};
		753E7394256FBA23001A14F4 /* LaunchScreen.storyboard */ = {
			isa = PBXVariantGroup;
			children = (
				753E7395256FBA23001A14F4 /* Base */,
			);
			name = LaunchScreen.storyboard;
			sourceTree = "<group>";
		};
/* End PBXVariantGroup section */

/* Begin XCBuildConfiguration section */
		753E73AE256FBA23001A14F4 /* Debug */ = {
			isa = XCBuildConfiguration;
			buildSettings = {
				ALWAYS_SEARCH_USER_PATHS = NO;
				CLANG_ANALYZER_NONNULL = YES;
				CLANG_ANALYZER_NUMBER_OBJECT_CONVERSION = YES_AGGRESSIVE;
				CLANG_CXX_LANGUAGE_STANDARD = "gnu++14";
				CLANG_CXX_LIBRARY = "libc++";
				CLANG_ENABLE_MODULES = YES;
				CLANG_ENABLE_OBJC_ARC = YES;
				CLANG_ENABLE_OBJC_WEAK = YES;
				CLANG_WARN_BLOCK_CAPTURE_AUTORELEASING = YES;
				CLANG_WARN_BOOL_CONVERSION = YES;
				CLANG_WARN_COMMA = YES;
				CLANG_WARN_CONSTANT_CONVERSION = YES;
				CLANG_WARN_DEPRECATED_OBJC_IMPLEMENTATIONS = YES;
				CLANG_WARN_DIRECT_OBJC_ISA_USAGE = YES_ERROR;
				CLANG_WARN_DOCUMENTATION_COMMENTS = YES;
				CLANG_WARN_EMPTY_BODY = YES;
				CLANG_WARN_ENUM_CONVERSION = YES;
				CLANG_WARN_INFINITE_RECURSION = YES;
				CLANG_WARN_INT_CONVERSION = YES;
				CLANG_WARN_NON_LITERAL_NULL_CONVERSION = YES;
				CLANG_WARN_OBJC_IMPLICIT_RETAIN_SELF = YES;
				CLANG_WARN_OBJC_LITERAL_CONVERSION = YES;
				CLANG_WARN_OBJC_ROOT_CLASS = YES_ERROR;
				CLANG_WARN_QUOTED_INCLUDE_IN_FRAMEWORK_HEADER = YES;
				CLANG_WARN_RANGE_LOOP_ANALYSIS = YES;
				CLANG_WARN_STRICT_PROTOTYPES = YES;
				CLANG_WARN_SUSPICIOUS_MOVE = YES;
				CLANG_WARN_UNGUARDED_AVAILABILITY = YES_AGGRESSIVE;
				CLANG_WARN_UNREACHABLE_CODE = YES;
				CLANG_WARN__DUPLICATE_METHOD_MATCH = YES;
				COPY_PHASE_STRIP = NO;
				DEBUG_INFORMATION_FORMAT = dwarf;
				ENABLE_STRICT_OBJC_MSGSEND = YES;
				ENABLE_TESTABILITY = YES;
				GCC_C_LANGUAGE_STANDARD = gnu11;
				GCC_DYNAMIC_NO_PIC = NO;
				GCC_NO_COMMON_BLOCKS = YES;
				GCC_OPTIMIZATION_LEVEL = 0;
				GCC_PREPROCESSOR_DEFINITIONS = (
					"DEBUG=1",
					"$(inherited)",
				);
				GCC_WARN_64_TO_32_BIT_CONVERSION = YES;
				GCC_WARN_ABOUT_RETURN_TYPE = YES_ERROR;
				GCC_WARN_UNDECLARED_SELECTOR = YES;
				GCC_WARN_UNINITIALIZED_AUTOS = YES_AGGRESSIVE;
				GCC_WARN_UNUSED_FUNCTION = YES;
				GCC_WARN_UNUSED_VARIABLE = YES;
				IPHONEOS_DEPLOYMENT_TARGET = 14.2;
				MTL_ENABLE_DEBUG_INFO = INCLUDE_SOURCE;
				MTL_FAST_MATH = YES;
				ONLY_ACTIVE_ARCH = YES;
				SDKROOT = iphoneos;
				SWIFT_ACTIVE_COMPILATION_CONDITIONS = DEBUG;
				SWIFT_OPTIMIZATION_LEVEL = "-Onone";
			};
			name = Debug;
		};
		753E73AF256FBA23001A14F4 /* Release */ = {
			isa = XCBuildConfiguration;
			buildSettings = {
				ALWAYS_SEARCH_USER_PATHS = NO;
				CLANG_ANALYZER_NONNULL = YES;
				CLANG_ANALYZER_NUMBER_OBJECT_CONVERSION = YES_AGGRESSIVE;
				CLANG_CXX_LANGUAGE_STANDARD = "gnu++14";
				CLANG_CXX_LIBRARY = "libc++";
				CLANG_ENABLE_MODULES = YES;
				CLANG_ENABLE_OBJC_ARC = YES;
				CLANG_ENABLE_OBJC_WEAK = YES;
				CLANG_WARN_BLOCK_CAPTURE_AUTORELEASING = YES;
				CLANG_WARN_BOOL_CONVERSION = YES;
				CLANG_WARN_COMMA = YES;
				CLANG_WARN_CONSTANT_CONVERSION = YES;
				CLANG_WARN_DEPRECATED_OBJC_IMPLEMENTATIONS = YES;
				CLANG_WARN_DIRECT_OBJC_ISA_USAGE = YES_ERROR;
				CLANG_WARN_DOCUMENTATION_COMMENTS = YES;
				CLANG_WARN_EMPTY_BODY = YES;
				CLANG_WARN_ENUM_CONVERSION = YES;
				CLANG_WARN_INFINITE_RECURSION = YES;
				CLANG_WARN_INT_CONVERSION = YES;
				CLANG_WARN_NON_LITERAL_NULL_CONVERSION = YES;
				CLANG_WARN_OBJC_IMPLICIT_RETAIN_SELF = YES;
				CLANG_WARN_OBJC_LITERAL_CONVERSION = YES;
				CLANG_WARN_OBJC_ROOT_CLASS = YES_ERROR;
				CLANG_WARN_QUOTED_INCLUDE_IN_FRAMEWORK_HEADER = YES;
				CLANG_WARN_RANGE_LOOP_ANALYSIS = YES;
				CLANG_WARN_STRICT_PROTOTYPES = YES;
				CLANG_WARN_SUSPICIOUS_MOVE = YES;
				CLANG_WARN_UNGUARDED_AVAILABILITY = YES_AGGRESSIVE;
				CLANG_WARN_UNREACHABLE_CODE = YES;
				CLANG_WARN__DUPLICATE_METHOD_MATCH = YES;
				COPY_PHASE_STRIP = NO;
				DEBUG_INFORMATION_FORMAT = "dwarf-with-dsym";
				ENABLE_NS_ASSERTIONS = NO;
				ENABLE_STRICT_OBJC_MSGSEND = YES;
				GCC_C_LANGUAGE_STANDARD = gnu11;
				GCC_NO_COMMON_BLOCKS = YES;
				GCC_WARN_64_TO_32_BIT_CONVERSION = YES;
				GCC_WARN_ABOUT_RETURN_TYPE = YES_ERROR;
				GCC_WARN_UNDECLARED_SELECTOR = YES;
				GCC_WARN_UNINITIALIZED_AUTOS = YES_AGGRESSIVE;
				GCC_WARN_UNUSED_FUNCTION = YES;
				GCC_WARN_UNUSED_VARIABLE = YES;
				IPHONEOS_DEPLOYMENT_TARGET = 14.2;
				MTL_ENABLE_DEBUG_INFO = NO;
				MTL_FAST_MATH = YES;
				SDKROOT = iphoneos;
				SWIFT_COMPILATION_MODE = wholemodule;
				SWIFT_OPTIMIZATION_LEVEL = "-O";
				VALIDATE_PRODUCT = YES;
			};
			name = Release;
		};
		753E73B1256FBA23001A14F4 /* Debug */ = {
			isa = XCBuildConfiguration;
			buildSettings = {
				ASSETCATALOG_COMPILER_APPICON_NAME = AppIcon;
				ASSETCATALOG_COMPILER_GLOBAL_ACCENT_COLOR_NAME = AccentColor;
				CODE_SIGN_STYLE = Automatic;
				INFOPLIST_FILE = MyPlaces/Info.plist;
				LD_RUNPATH_SEARCH_PATHS = (
					"$(inherited)",
					"@executable_path/Frameworks",
				);
				PRODUCT_BUNDLE_IDENTIFIER = IvanY.MyPlaces;
				PRODUCT_NAME = "$(TARGET_NAME)";
				SWIFT_VERSION = 5.0;
				TARGETED_DEVICE_FAMILY = "1,2";
			};
			name = Debug;
		};
		753E73B2256FBA23001A14F4 /* Release */ = {
			isa = XCBuildConfiguration;
			buildSettings = {
				ASSETCATALOG_COMPILER_APPICON_NAME = AppIcon;
				ASSETCATALOG_COMPILER_GLOBAL_ACCENT_COLOR_NAME = AccentColor;
				CODE_SIGN_STYLE = Automatic;
				INFOPLIST_FILE = MyPlaces/Info.plist;
				LD_RUNPATH_SEARCH_PATHS = (
					"$(inherited)",
					"@executable_path/Frameworks",
				);
				PRODUCT_BUNDLE_IDENTIFIER = IvanY.MyPlaces;
				PRODUCT_NAME = "$(TARGET_NAME)";
				SWIFT_VERSION = 5.0;
				TARGETED_DEVICE_FAMILY = "1,2";
			};
			name = Release;
		};
		753E73B4256FBA23001A14F4 /* Debug */ = {
			isa = XCBuildConfiguration;
			buildSettings = {
				ALWAYS_EMBED_SWIFT_STANDARD_LIBRARIES = YES;
				BUNDLE_LOADER = "$(TEST_HOST)";
				CODE_SIGN_STYLE = Automatic;
				INFOPLIST_FILE = MyPlacesTests/Info.plist;
				IPHONEOS_DEPLOYMENT_TARGET = 14.2;
				LD_RUNPATH_SEARCH_PATHS = (
					"$(inherited)",
					"@executable_path/Frameworks",
					"@loader_path/Frameworks",
				);
				PRODUCT_BUNDLE_IDENTIFIER = IvanY.MyPlacesTests;
				PRODUCT_NAME = "$(TARGET_NAME)";
				SWIFT_VERSION = 5.0;
				TARGETED_DEVICE_FAMILY = "1,2";
				TEST_HOST = "$(BUILT_PRODUCTS_DIR)/MyPlaces.app/MyPlaces";
			};
			name = Debug;
		};
		753E73B5256FBA23001A14F4 /* Release */ = {
			isa = XCBuildConfiguration;
			buildSettings = {
				ALWAYS_EMBED_SWIFT_STANDARD_LIBRARIES = YES;
				BUNDLE_LOADER = "$(TEST_HOST)";
				CODE_SIGN_STYLE = Automatic;
				INFOPLIST_FILE = MyPlacesTests/Info.plist;
				IPHONEOS_DEPLOYMENT_TARGET = 14.2;
				LD_RUNPATH_SEARCH_PATHS = (
					"$(inherited)",
					"@executable_path/Frameworks",
					"@loader_path/Frameworks",
				);
				PRODUCT_BUNDLE_IDENTIFIER = IvanY.MyPlacesTests;
				PRODUCT_NAME = "$(TARGET_NAME)";
				SWIFT_VERSION = 5.0;
				TARGETED_DEVICE_FAMILY = "1,2";
				TEST_HOST = "$(BUILT_PRODUCTS_DIR)/MyPlaces.app/MyPlaces";
			};
			name = Release;
		};
		753E73B7256FBA23001A14F4 /* Debug */ = {
			isa = XCBuildConfiguration;
			buildSettings = {
				ALWAYS_EMBED_SWIFT_STANDARD_LIBRARIES = YES;
				CODE_SIGN_STYLE = Automatic;
				INFOPLIST_FILE = MyPlacesUITests/Info.plist;
				LD_RUNPATH_SEARCH_PATHS = (
					"$(inherited)",
					"@executable_path/Frameworks",
					"@loader_path/Frameworks",
				);
				PRODUCT_BUNDLE_IDENTIFIER = IvanY.MyPlacesUITests;
				PRODUCT_NAME = "$(TARGET_NAME)";
				SWIFT_VERSION = 5.0;
				TARGETED_DEVICE_FAMILY = "1,2";
				TEST_TARGET_NAME = MyPlaces;
			};
			name = Debug;
		};
		753E73B8256FBA23001A14F4 /* Release */ = {
			isa = XCBuildConfiguration;
			buildSettings = {
				ALWAYS_EMBED_SWIFT_STANDARD_LIBRARIES = YES;
				CODE_SIGN_STYLE = Automatic;
				INFOPLIST_FILE = MyPlacesUITests/Info.plist;
				LD_RUNPATH_SEARCH_PATHS = (
					"$(inherited)",
					"@executable_path/Frameworks",
					"@loader_path/Frameworks",
				);
				PRODUCT_BUNDLE_IDENTIFIER = IvanY.MyPlacesUITests;
				PRODUCT_NAME = "$(TARGET_NAME)";
				SWIFT_VERSION = 5.0;
				TARGETED_DEVICE_FAMILY = "1,2";
				TEST_TARGET_NAME = MyPlaces;
			};
			name = Release;
		};
/* End XCBuildConfiguration section */

/* Begin XCConfigurationList section */
		753E737E256FBA1F001A14F4 /* Build configuration list for PBXProject "MyPlaces" */ = {
			isa = XCConfigurationList;
			buildConfigurations = (
				753E73AE256FBA23001A14F4 /* Debug */,
				753E73AF256FBA23001A14F4 /* Release */,
			);
			defaultConfigurationIsVisible = 0;
			defaultConfigurationName = Release;
		};
		753E73B0256FBA23001A14F4 /* Build configuration list for PBXNativeTarget "MyPlaces" */ = {
			isa = XCConfigurationList;
			buildConfigurations = (
				753E73B1256FBA23001A14F4 /* Debug */,
				753E73B2256FBA23001A14F4 /* Release */,
			);
			defaultConfigurationIsVisible = 0;
			defaultConfigurationName = Release;
		};
		753E73B3256FBA23001A14F4 /* Build configuration list for PBXNativeTarget "MyPlacesTests" */ = {
			isa = XCConfigurationList;
			buildConfigurations = (
				753E73B4256FBA23001A14F4 /* Debug */,
				753E73B5256FBA23001A14F4 /* Release */,
			);
			defaultConfigurationIsVisible = 0;
			defaultConfigurationName = Release;
		};
		753E73B6256FBA23001A14F4 /* Build configuration list for PBXNativeTarget "MyPlacesUITests" */ = {
			isa = XCConfigurationList;
			buildConfigurations = (
				753E73B7256FBA23001A14F4 /* Debug */,
				753E73B8256FBA23001A14F4 /* Release */,
			);
			defaultConfigurationIsVisible = 0;
			defaultConfigurationName = Release;
		};
/* End XCConfigurationList section */

/* Begin XCVersionGroup section */
		753E738F256FBA1F001A14F4 /* MyPlaces.xcdatamodeld */ = {
			isa = XCVersionGroup;
			children = (
				753E7390256FBA1F001A14F4 /* MyPlaces.xcdatamodel */,
			);
			currentVersion = 753E7390256FBA1F001A14F4 /* MyPlaces.xcdatamodel */;
			path = MyPlaces.xcdatamodeld;
			sourceTree = "<group>";
			versionGroupType = wrapper.xcdatamodel;
		};
/* End XCVersionGroup section */
	};
	rootObject = 753E737B256FBA1F001A14F4 /* Project object */;
}
